
Microsoft Visual Studio Solution File, Format Version 12.00
# Visual Studio Version 17
VisualStudioVersion = 17.9.34714.143
MinimumVisualStudioVersion = 10.0.40219.1
Project("{FAE04EC0-301F-11D3-BF4B-00C04F79EFBC}") = "StarZFinance", "StarZFinance\StarZFinance.csproj", "{EE5DECCE-9DEB-475B-B91C-482E160C6CCA}"
EndProject
Global
	GlobalSection(SolutionConfigurationPlatforms) = preSolution
		Debug|Any CPU = Debug|Any CPU
		Release|Any CPU = Release|Any CPU
	EndGlobalSection
	GlobalSection(ProjectConfigurationPlatforms) = postSolution
		{EE5DECCE-9DEB-475B-B91C-482E160C6CCA}.Debug|Any CPU.ActiveCfg = Debug|Any CPU
		{EE5DECCE-9DEB-475B-B91C-482E160C6CCA}.Debug|Any CPU.Build.0 = Debug|Any CPU
		{EE5DECCE-9DEB-475B-B91C-482E160C6CCA}.Release|Any CPU.ActiveCfg = Release|Any CPU
		{EE5DECCE-9DEB-475B-B91C-482E160C6CCA}.Release|Any CPU.Build.0 = Release|Any CPU
	EndGlobalSection
	GlobalSection(SolutionProperties) = preSolution
		HideSolutionNode = FALSE
	EndGlobalSection
	GlobalSection(ExtensibilityGlobals) = postSolution
		SolutionGuid = {3BD3D659-629E-4B5E-8495-4005B9384516}
	EndGlobalSection
EndGlobal
